
Microsoft Visual Studio Solution File, Format Version 12.00
# Visual Studio Version 17
VisualStudioVersion = 17.3.32825.248
MinimumVisualStudioVersion = 10.0.40219.1
Project("{FAE04EC0-301F-11D3-BF4B-00C04F79EFBC}") = "PlayerScore", "PlayerScore\PlayerScore.csproj", "{15873537-D0FE-44BD-88D1-6A1EEA1B5A54}"
EndProject
Project("{54435603-DBB4-11D2-8724-00A0C9A8B90C}") = "Setup", "Setup\Setup.vdproj", "{2A4CEB3F-1E6B-4F29-BE81-D89159902571}"
EndProject
Global
	GlobalSection(SolutionConfigurationPlatforms) = preSolution
		Debug|Any CPU = Debug|Any CPU
		Release|Any CPU = Release|Any CPU
	EndGlobalSection
	GlobalSection(ProjectConfigurationPlatforms) = postSolution
		{15873537-D0FE-44BD-88D1-6A1EEA1B5A54}.Debug|Any CPU.ActiveCfg = Debug|Any CPU
		{15873537-D0FE-44BD-88D1-6A1EEA1B5A54}.Debug|Any CPU.Build.0 = Debug|Any CPU
		{15873537-D0FE-44BD-88D1-6A1EEA1B5A54}.Release|Any CPU.ActiveCfg = Release|Any CPU
		{15873537-D0FE-44BD-88D1-6A1EEA1B5A54}.Release|Any CPU.Build.0 = Release|Any CPU
		{2A4CEB3F-1E6B-4F29-BE81-D89159902571}.Debug|Any CPU.ActiveCfg = Debug
		{2A4CEB3F-1E6B-4F29-BE81-D89159902571}.Release|Any CPU.ActiveCfg = Release
	EndGlobalSection
	GlobalSection(SolutionProperties) = preSolution
		HideSolutionNode = FALSE
	EndGlobalSection
	GlobalSection(ExtensibilityGlobals) = postSolution
		SolutionGuid = {D8D094A2-427A-4D02-83ED-64122338965E}
	EndGlobalSection
EndGlobal
